
Microsoft Visual Studio Solution File, Format Version 12.00
# Visual Studio 15
VisualStudioVersion = 15.0.27130.2010
MinimumVisualStudioVersion = 10.0.40219.1
Project("{FAE04EC0-301F-11D3-BF4B-00C04F79EFBC}") = "mypaint", "mypaint\mypaint.csproj", "{2D9E10EF-CE64-4B42-B862-6FE6CABCF8BC}"
EndProject
Global
	GlobalSection(SolutionConfigurationPlatforms) = preSolution
		Debug|Any CPU = Debug|Any CPU
		Release|Any CPU = Release|Any CPU
	EndGlobalSection
	GlobalSection(ProjectConfigurationPlatforms) = postSolution
		{2D9E10EF-CE64-4B42-B862-6FE6CABCF8BC}.Debug|Any CPU.ActiveCfg = Debug|Any CPU
		{2D9E10EF-CE64-4B42-B862-6FE6CABCF8BC}.Debug|Any CPU.Build.0 = Debug|Any CPU
		{2D9E10EF-CE64-4B42-B862-6FE6CABCF8BC}.Release|Any CPU.ActiveCfg = Release|Any CPU
		{2D9E10EF-CE64-4B42-B862-6FE6CABCF8BC}.Release|Any CPU.Build.0 = Release|Any CPU
	EndGlobalSection
	GlobalSection(SolutionProperties) = preSolution
		HideSolutionNode = FALSE
	EndGlobalSection
	GlobalSection(ExtensibilityGlobals) = postSolution
		SolutionGuid = {3CFE0BDD-83D4-42EF-834F-1F706AFBC6BA}
	EndGlobalSection
EndGlobal
